// !$*UTF8*$!
{
	archiveVersion = 1;
	classes = {
	};
	objectVersion = 46;
	objects = {

/* Begin PBXBuildFile section */
		64579EC91C2476CB0097BED8 /* AppDelegate.swift in Sources */ = {isa = PBXBuildFile; fileRef = 64579EC81C2476CB0097BED8 /* AppDelegate.swift */; };
		64579ECB1C2476CB0097BED8 /* ViewController.swift in Sources */ = {isa = PBXBuildFile; fileRef = 64579ECA1C2476CB0097BED8 /* ViewController.swift */; };
		64579ECE1C2476CB0097BED8 /* Main.storyboard in Resources */ = {isa = PBXBuildFile; fileRef = 64579ECC1C2476CB0097BED8 /* Main.storyboard */; };
		64579ED01C2476CB0097BED8 /* Assets.xcassets in Resources */ = {isa = PBXBuildFile; fileRef = 64579ECF1C2476CB0097BED8 /* Assets.xcassets */; };
		64579ED31C2476CB0097BED8 /* LaunchScreen.storyboard in Resources */ = {isa = PBXBuildFile; fileRef = 64579ED11C2476CB0097BED8 /* LaunchScreen.storyboard */; };
/* End PBXBuildFile section */

/* Begin PBXFileReference section */
		64579EC51C2476CB0097BED8 /* Quiz.app */ = {isa = PBXFileReference; explicitFileType = wrapper.application; includeInIndex = 0; path = Quiz.app; sourceTree = BUILT_PRODUCTS_DIR; };
		64579EC81C2476CB0097BED8 /* AppDelegate.swift */ = {isa = PBXFileReference; lastKnownFileType = sourcecode.swift; path = AppDelegate.swift; sourceTree = "<group>"; };
		64579ECA1C2476CB0097BED8 /* ViewController.swift */ = {isa = PBXFileReference; lastKnownFileType = sourcecode.swift; path = ViewController.swift; sourceTree = "<group>"; };
		64579ECD1C2476CB0097BED8 /* Base */ = {isa = PBXFileReference; lastKnownFileType = file.storyboard; name = Base; path = Base.lproj/Main.storyboard; sourceTree = "<group>"; };
		64579ECF1C2476CB0097BED8 /* Assets.xcassets */ = {isa = PBXFileReference; lastKnownFileType = folder.assetcatalog; path = Assets.xcassets; sourceTree = "<group>"; };
		64579ED21C2476CB0097BED8 /* Base */ = {isa = PBXFileReference; lastKnownFileType = file.storyboard; name = Base; path = Base.lproj/LaunchScreen.storyboard; sourceTree = "<group>"; };
		64579ED41C2476CB0097BED8 /* Info.plist */ = {isa = PBXFileReference; lastKnownFileType = text.plist.xml; path = Info.plist; sourceTree = "<group>"; };
/* End PBXFileReference section */

/* Begin PBXFrameworksBuildPhase section */
		64579EC21C2476CB0097BED8 /* Frameworks */ = {
			isa = PBXFrameworksBuildPhase;
			buildActionMask = 2147483647;
			files = (
			);
			runOnlyForDeploymentPostprocessing = 0;
		};
/* End PBXFrameworksBuildPhase section */

/* Begin PBXGroup section */
		64579EBC1C2476CB0097BED8 = {
			isa = PBXGroup;
			children = (
				64579EC71C2476CB0097BED8 /* Quiz */,
				64579EC61C2476CB0097BED8 /* Products */,
			);
			sourceTree = "<group>";
		};
		64579EC61C2476CB0097BED8 /* Products */ = {
			isa = PBXGroup;
			children = (
				64579EC51C2476CB0097BED8 /* Quiz.app */,
			);
			name = Products;
			sourceTree = "<group>";
		};
		64579EC71C2476CB0097BED8 /* Quiz */ = {
			isa = PBXGroup;
			children = (
				64579EC81C2476CB0097BED8 /* AppDelegate.swift */,
				64579ECA1C2476CB0097BED8 /* ViewController.swift */,
				64579ECC1C2476CB0097BED8 /* Main.storyboard */,
				64579ECF1C2476CB0097BED8 /* Assets.xcassets */,
				64579ED11C2476CB0097BED8 /* LaunchScreen.storyboard */,
				64579ED41C2476CB0097BED8 /* Info.plist */,
			);
			path = Quiz;
			sourceTree = "<group>";
		};
/* End PBXGroup section */

/* Begin PBXNativeTarget section */
		64579EC41C2476CB0097BED8 /* Quiz */ = {
			isa = PBXNativeTarget;
			buildConfigurationList = 64579ED71C2476CB0097BED8 /* Build configuration list for PBXNativeTarget "Quiz" */;
			buildPhases = (
				64579EC11C2476CB0097BED8 /* Sources */,
				64579EC21C2476CB0097BED8 /* Frameworks */,
				64579EC31C2476CB0097BED8 /* Resources */,
			);
			buildRules = (
			);
			dependencies = (
			);
			name = Quiz;
			productName = Quiz;
			productReference = 64579EC51C2476CB0097BED8 /* Quiz.app */;
			productType = "com.apple.product-type.application";
		};
/* End PBXNativeTarget section */

/* Begin PBXProject section */
		64579EBD1C2476CB0097BED8 /* Project object */ = {
			isa = PBXProject;
			attributes = {
				LastSwiftUpdateCheck = 0720;
				LastUpgradeCheck = 0720;
				ORGANIZATIONNAME = "eric j beasley";
				TargetAttributes = {
					64579EC41C2476CB0097BED8 = {
						CreatedOnToolsVersion = 7.2;
						DevelopmentTeam = N8TAVJGQ8G;
					};
				};
			};
			buildConfigurationList = 64579EC01C2476CB0097BED8 /* Build configuration list for PBXProject "Quiz" */;
			compatibilityVersion = "Xcode 3.2";
			developmentRegion = English;
			hasScannedForEncodings = 0;
			knownRegions = (
				en,
				Base,
			);
			mainGroup = 64579EBC1C2476CB0097BED8;
			productRefGroup = 64579EC61C2476CB0097BED8 /* Products */;
			projectDirPath = "";
			projectRoot = "";
			targets = (
				64579EC41C2476CB0097BED8 /* Quiz */,
			);
		};
/* End PBXProject section */

/* Begin PBXResourcesBuildPhase section */
		64579EC31C2476CB0097BED8 /* Resources */ = {
			isa = PBXResourcesBuildPhase;
			buildActionMask = 2147483647;
			files = (
				64579ED31C2476CB0097BED8 /* LaunchScreen.storyboard in Resources */,
				64579ED01C2476CB0097BED8 /* Assets.xcassets in Resources */,
				64579ECE1C2476CB0097BED8 /* Main.storyboard in Resources */,
			);
			runOnlyForDeploymentPostprocessing = 0;
		};
/* End PBXResourcesBuildPhase section */

/* Begin PBXSourcesBuildPhase section */
		64579EC11C2476CB0097BED8 /* Sources */ = {
			isa = PBXSourcesBuildPhase;
			buildActionMask = 2147483647;
			files = (
				64579ECB1C2476CB0097BED8 /* ViewController.swift in Sources */,
				64579EC91C2476CB0097BED8 /* AppDelegate.swift in Sources */,
			);
			runOnlyForDeploymentPostprocessing = 0;
		};
/* End PBXSourcesBuildPhase section */

/* Begin PBXVariantGroup section */
		64579ECC1C2476CB0097BED8 /* Main.storyboard */ = {
			isa = PBXVariantGroup;
			children = (
				64579ECD1C2476CB0097BED8 /* Base */,
			);
			name = Main.storyboard;
			sourceTree = "<group>";
		};
		64579ED11C2476CB0097BED8 /* LaunchScreen.storyboard */ = {
			isa = PBXVariantGroup;
			children = (
				64579ED21C2476CB0097BED8 /* Base */,
			);
			name = LaunchScreen.storyboard;
			sourceTree = "<group>";
		};
/* End PBXVariantGroup section */

/* Begin XCBuildConfiguration section */
		64579ED51C2476CB0097BED8 /* Debug */ = {
			isa = XCBuildConfiguration;
			buildSettings = {
				ALWAYS_SEARCH_USER_PATHS = NO;
				CLANG_CXX_LANGUAGE_STANDARD = "gnu++0x";
				CLANG_CXX_LIBRARY = "libc++";
				CLANG_ENABLE_MODULES = YES;
				CLANG_ENABLE_OBJC_ARC = YES;
				CLANG_WARN_BOOL_CONVERSION = YES;
				CLANG_WARN_CONSTANT_CONVERSION = YES;
				CLANG_WARN_DIRECT_OBJC_ISA_USAGE = YES_ERROR;
				CLANG_WARN_EMPTY_BODY = YES;
				CLANG_WARN_ENUM_CONVERSION = YES;
				CLANG_WARN_INT_CONVERSION = YES;
				CLANG_WARN_OBJC_ROOT_CLASS = YES_ERROR;
				CLANG_WARN_UNREACHABLE_CODE = YES;
				CLANG_WARN__DUPLICATE_METHOD_MATCH = YES;
				"CODE_SIGN_IDENTITY[sdk=iphoneos*]" = "iPhone Developer";
				COPY_PHASE_STRIP = NO;
				DEBUG_INFORMATION_FORMAT = dwarf;
				ENABLE_STRICT_OBJC_MSGSEND = YES;
				ENABLE_TESTABILITY = YES;
				GCC_C_LANGUAGE_STANDARD = gnu99;
				GCC_DYNAMIC_NO_PIC = NO;
				GCC_NO_COMMON_BLOCKS = YES;
				GCC_OPTIMIZATION_LEVEL = 0;
				GCC_PREPROCESSOR_DEFINITIONS = (
					"DEBUG=1",
					"$(inherited)",
				);
				GCC_WARN_64_TO_32_BIT_CONVERSION = YES;
				GCC_WARN_ABOUT_RETURN_TYPE = YES_ERROR;
				GCC_WARN_UNDECLARED_SELECTOR = YES;
				GCC_WARN_UNINITIALIZED_AUTOS = YES_AGGRESSIVE;
				GCC_WARN_UNUSED_FUNCTION = YES;
				GCC_WARN_UNUSED_VARIABLE = YES;
				IPHONEOS_DEPLOYMENT_TARGET = 9.2;
				MTL_ENABLE_DEBUG_INFO = YES;
				ONLY_ACTIVE_ARCH = YES;
				SDKROOT = iphoneos;
				SWIFT_OPTIMIZATION_LEVEL = "-Onone";
			};
			name = Debug;
		};
		64579ED61C2476CB0097BED8 /* Release */ = {
			isa = XCBuildConfiguration;
			buildSettings = {
				ALWAYS_SEARCH_USER_PATHS = NO;
				CLANG_CXX_LANGUAGE_STANDARD = "gnu++0x";
				CLANG_CXX_LIBRARY = "libc++";
				CLANG_ENABLE_MODULES = YES;
				CLANG_ENABLE_OBJC_ARC = YES;
				CLANG_WARN_BOOL_CONVERSION = YES;
				CLANG_WARN_CONSTANT_CONVERSION = YES;
				CLANG_WARN_DIRECT_OBJC_ISA_USAGE = YES_ERROR;
				CLANG_WARN_EMPTY_BODY = YES;
				CLANG_WARN_ENUM_CONVERSION = YES;
				CLANG_WARN_INT_CONVERSION = YES;
				CLANG_WARN_OBJC_ROOT_CLASS = YES_ERROR;
				CLANG_WARN_UNREACHABLE_CODE = YES;
				CLANG_WARN__DUPLICATE_METHOD_MATCH = YES;
				"CODE_SIGN_IDENTITY[sdk=iphoneos*]" = "iPhone Developer";
				COPY_PHASE_STRIP = NO;
				DEBUG_INFORMATION_FORMAT = "dwarf-with-dsym";
				ENABLE_NS_ASSERTIONS = NO;
				ENABLE_STRICT_OBJC_MSGSEND = YES;
				GCC_C_LANGUAGE_STANDARD = gnu99;
				GCC_NO_COMMON_BLOCKS = YES;
				GCC_WARN_64_TO_32_BIT_CONVERSION = YES;
				GCC_WARN_ABOUT_RETURN_TYPE = YES_ERROR;
				GCC_WARN_UNDECLARED_SELECTOR = YES;
				GCC_WARN_UNINITIALIZED_AUTOS = YES_AGGRESSIVE;
				GCC_WARN_UNUSED_FUNCTION = YES;
				GCC_WARN_UNUSED_VARIABLE = YES;
				IPHONEOS_DEPLOYMENT_TARGET = 9.2;
				MTL_ENABLE_DEBUG_INFO = NO;
				SDKROOT = iphoneos;
				VALIDATE_PRODUCT = YES;
			};
			name = Release;
		};
		64579ED81C2476CB0097BED8 /* Debug */ = {
			isa = XCBuildConfiguration;
			buildSettings = {
				ASSETCATALOG_COMPILER_APPICON_NAME = AppIcon;
				INFOPLIST_FILE = Quiz/Info.plist;
				LD_RUNPATH_SEARCH_PATHS = "$(inherited) @executable_path/Frameworks";
				PRODUCT_BUNDLE_IDENTIFIER = com.ericjbeasley.Quiz;
				PRODUCT_NAME = "$(TARGET_NAME)";
			};
			name = Debug;
		};
		64579ED91C2476CB0097BED8 /* Release */ = {
			isa = XCBuildConfiguration;
			buildSettings = {
				ASSETCATALOG_COMPILER_APPICON_NAME = AppIcon;
				INFOPLIST_FILE = Quiz/Info.plist;
				LD_RUNPATH_SEARCH_PATHS = "$(inherited) @executable_path/Frameworks";
				PRODUCT_BUNDLE_IDENTIFIER = com.ericjbeasley.Quiz;
				PRODUCT_NAME = "$(TARGET_NAME)";
			};
			name = Release;
		};
/* End XCBuildConfiguration section */

/* Begin XCConfigurationList section */
		64579EC01C2476CB0097BED8 /* Build configuration list for PBXProject "Quiz" */ = {
			isa = XCConfigurationList;
			buildConfigurations = (
				64579ED51C2476CB0097BED8 /* Debug */,
				64579ED61C2476CB0097BED8 /* Release */,
			);
			defaultConfigurationIsVisible = 0;
			defaultConfigurationName = Release;
		};
		64579ED71C2476CB0097BED8 /* Build configuration list for PBXNativeTarget "Quiz" */ = {
			isa = XCConfigurationList;
			buildConfigurations = (
				64579ED81C2476CB0097BED8 /* Debug */,
				64579ED91C2476CB0097BED8 /* Release */,
			);
			defaultConfigurationIsVisible = 0;
		};
/* End XCConfigurationList section */
	};
	rootObject = 64579EBD1C2476CB0097BED8 /* Project object */;
}
